
Microsoft Visual Studio Solution File, Format Version 12.00
# Visual Studio Version 17
VisualStudioVersion = 17.13.35507.96 d17.13
MinimumVisualStudioVersion = 10.0.40219.1
Project("{F2A71F9B-5D33-465A-A702-920D77279786}") = "YMM4ScriptK", "YMM4ScriptK\YMM4ScriptK.fsproj", "{D0D1FE9F-B0DB-4AE8-BB88-E49F0E517915}"
EndProject
Global
	GlobalSection(SolutionConfigurationPlatforms) = preSolution
		Debug|Any CPU = Debug|Any CPU
		Release|Any CPU = Release|Any CPU
	EndGlobalSection
	GlobalSection(ProjectConfigurationPlatforms) = postSolution
		{D0D1FE9F-B0DB-4AE8-BB88-E49F0E517915}.Debug|Any CPU.ActiveCfg = Debug|Any CPU
		{D0D1FE9F-B0DB-4AE8-BB88-E49F0E517915}.Debug|Any CPU.Build.0 = Debug|Any CPU
		{D0D1FE9F-B0DB-4AE8-BB88-E49F0E517915}.Release|Any CPU.ActiveCfg = Release|Any CPU
		{D0D1FE9F-B0DB-4AE8-BB88-E49F0E517915}.Release|Any CPU.Build.0 = Release|Any CPU
	EndGlobalSection
	GlobalSection(SolutionProperties) = preSolution
		HideSolutionNode = FALSE
	EndGlobalSection
	GlobalSection(ExtensibilityGlobals) = postSolution
		SolutionGuid = {B704C4F6-CC6A-4855-B83D-9621CD9FD9D8}
	EndGlobalSection
EndGlobal
